{
  "lockfileVersion": 1,
  "configVersion": 1,
  "workspaces": {
    "": {
      "name": "superposition-typescript-client-tests",
      "dependencies": {
        "@juspay/superposition-sdk": "file:../clients/javascript/sdk",
      },
      "devDependencies": {
        "@types/bun": "latest",
      },
      "peerDependencies": {
        "typescript": "^5.8.3",
      },
    },
  },
  "packages": {
    "@aws-crypto/sha256-browser": ["@aws-crypto/sha256-browser@5.2.0", "", { "dependencies": { "@aws-crypto/sha256-js": "^5.2.0", "@aws-crypto/supports-web-crypto": "^5.2.0", "@aws-crypto/util": "^5.2.0", "@aws-sdk/types": "^3.222.0", "@aws-sdk/util-locate-window": "^3.0.0", "@smithy/util-utf8": "^2.0.0", "tslib": "^2.6.2" } }, "sha512-AXfN/lGotSQwu6HNcEsIASo7kWXZ5HYWvfOmSNKDsEqC4OashTp8alTmaz+F7TC2L083SFv5RdB+qU3Vs1kZqw=="],

    "@aws-crypto/sha256-js": ["@aws-crypto/sha256-js@5.2.0", "", { "dependencies": { "@aws-crypto/util": "^5.2.0", "@aws-sdk/types": "^3.222.0", "tslib": "^2.6.2" } }, "sha512-FFQQyu7edu4ufvIZ+OadFpHHOt+eSTBaYaki44c+akjg7qZg9oOQeLlk77F6tSYqjDAFClrHJk9tMf0HdVyOvA=="],

    "@aws-crypto/supports-web-crypto": ["@aws-crypto/supports-web-crypto@5.2.0", "", { "dependencies": { "tslib": "^2.6.2" } }, "sha512-iAvUotm021kM33eCdNfwIN//F77/IADDSs58i+MDaOqFrVjZo9bAal0NK7HurRuWLLpF1iLX7gbWrjHjeo+YFg=="],

    "@aws-crypto/util": ["@aws-crypto/util@5.2.0", "", { "dependencies": { "@aws-sdk/types": "^3.222.0", "@smithy/util-utf8": "^2.0.0", "tslib": "^2.6.2" } }, "sha512-4RkU9EsI6ZpBve5fseQlGNUWKMa1RLPQ1dnjnQoe07ldfIzcsGb5hC5W0Dm7u423KWzawlrpbjXBrXCEv9zazQ=="],

    "@aws-sdk/core": ["@aws-sdk/core@3.731.0", "", { "dependencies": { "@aws-sdk/types": "3.731.0", "@smithy/core": "^3.0.0", "@smithy/node-config-provider": "^4.0.0", "@smithy/property-provider": "^4.0.0", "@smithy/protocol-http": "^5.0.0", "@smithy/signature-v4": "^5.0.0", "@smithy/smithy-client": "^4.0.0", "@smithy/types": "^4.0.0", "@smithy/util-middleware": "^4.0.0", "fast-xml-parser": "4.4.1", "tslib": "^2.6.2" } }, "sha512-ithBN1VWASkvAIlozJmenqDvNnFddr/SZXAs58+jCnBHgy3tXLHABZGVNCjetZkHRqNdXEO1kirnoxaFeXMeDA=="],

    "@aws-sdk/middleware-host-header": ["@aws-sdk/middleware-host-header@3.731.0", "", { "dependencies": { "@aws-sdk/types": "3.731.0", "@smithy/protocol-http": "^5.0.0", "@smithy/types": "^4.0.0", "tslib": "^2.6.2" } }, "sha512-ndAJsm5uWPPJRZowLKpB1zuL17qWlWVtCJP4I/ynBkq1PU1DijDXBul2UZaG6Mpvsgms1NXo/h9noHuK7T3v8w=="],

    "@aws-sdk/middleware-logger": ["@aws-sdk/middleware-logger@3.731.0", "", { "dependencies": { "@aws-sdk/types": "3.731.0", "@smithy/types": "^4.0.0", "tslib": "^2.6.2" } }, "sha512-IIZrOdjbY2vKzPJPrwE7FoFQCIPEL6UqURi8LEaiVyCag4p2fvaTN5pgKuQtGC2+iYd/HHcGT4qn2bAqF5Jmmw=="],

    "@aws-sdk/middleware-recursion-detection": ["@aws-sdk/middleware-recursion-detection@3.731.0", "", { "dependencies": { "@aws-sdk/types": "3.731.0", "@smithy/protocol-http": "^5.0.0", "@smithy/types": "^4.0.0", "tslib": "^2.6.2" } }, "sha512-y6FLASB1iKWuR5tUipMyo77bt0lEl3OnCrrd2xw/H24avq1HhJjjPR0HHhJE6QKJzF/FYXeV88tcyPSMe32VDw=="],

    "@aws-sdk/middleware-user-agent": ["@aws-sdk/middleware-user-agent@3.731.0", "", { "dependencies": { "@aws-sdk/core": "3.731.0", "@aws-sdk/types": "3.731.0", "@aws-sdk/util-endpoints": "3.731.0", "@smithy/core": "^3.0.0", "@smithy/protocol-http": "^5.0.0", "@smithy/types": "^4.0.0", "tslib": "^2.6.2" } }, "sha512-Ngr2Gz0aec/uduoKaO3srN52SYkEHndYtFzkK/gDUyQwQzi4ha2eIisxPiuHEX6RvXT31V9ouqn/YtVkt0R76A=="],

    "@aws-sdk/types": ["@aws-sdk/types@3.731.0", "", { "dependencies": { "@smithy/types": "^4.0.0", "tslib": "^2.6.2" } }, "sha512-NrdkJg6oOUbXR2r9WvHP408CLyvST8cJfp1/jP9pemtjvjPoh6NukbCtiSFdOOb1eryP02CnqQWItfJC1p2Y/Q=="],

    "@aws-sdk/util-endpoints": ["@aws-sdk/util-endpoints@3.731.0", "", { "dependencies": { "@aws-sdk/types": "3.731.0", "@smithy/types": "^4.0.0", "@smithy/util-endpoints": "^3.0.0", "tslib": "^2.6.2" } }, "sha512-riztxTAfncFS9yQWcBJffGgOgLoKSa63ph+rxWJxKl6BHAmWEvHICj1qDcVmnWfIcvJ5cClclY75l9qKaUH7rQ=="],

    "@aws-sdk/util-locate-window": ["@aws-sdk/util-locate-window@3.965.0", "", { "dependencies": { "tslib": "^2.6.2" } }, "sha512-9LJFand4bIoOjOF4x3wx0UZYiFZRo4oUauxQSiEX2dVg+5qeBOJSjp2SeWykIE6+6frCZ5wvWm2fGLK8D32aJw=="],

    "@aws-sdk/util-user-agent-browser": ["@aws-sdk/util-user-agent-browser@3.731.0", "", { "dependencies": { "@aws-sdk/types": "3.731.0", "@smithy/types": "^4.0.0", "bowser": "^2.11.0", "tslib": "^2.6.2" } }, "sha512-EnYXxTkCNCjTTBjW/pelRPv4Thsi9jepoB6qQjPMA9/ixrZ71BhhQecz9kgqzZLR9BPCwb6hgJ/Yd702jqJ4aQ=="],

    "@aws-sdk/util-user-agent-node": ["@aws-sdk/util-user-agent-node@3.731.0", "", { "dependencies": { "@aws-sdk/middleware-user-agent": "3.731.0", "@aws-sdk/types": "3.731.0", "@smithy/node-config-provider": "^4.0.0", "@smithy/types": "^4.0.0", "tslib": "^2.6.2" }, "peerDependencies": { "aws-crt": ">=1.0.0" }, "optionalPeers": ["aws-crt"] }, "sha512-Rze78Ym5Bx7aWMvmZE2iL3JPo2INNCC5N9rLVx98Gg1G0ZaxclVRUvJrh1AojNlOFxU+otkxAe7FA3Foy2iLLQ=="],

    "@babel/runtime": ["@babel/runtime@7.28.4", "", {}, "sha512-Q/N6JNWvIvPnLDvjlE1OUBLPQHH6l3CltCEsHIujp45zQUSSh8K+gHnaEX45yAT1nyngnINhvWtzN+Nb9D8RAQ=="],

    "@juspay/superposition-sdk": ["superposition-sdk@file:../clients/javascript/sdk", { "dependencies": { "@aws-crypto/sha256-browser": "5.2.0", "@aws-crypto/sha256-js": "5.2.0", "@aws-sdk/core": "3.731.0", "@aws-sdk/middleware-host-header": "3.731.0", "@aws-sdk/middleware-logger": "3.731.0", "@aws-sdk/middleware-recursion-detection": "3.731.0", "@aws-sdk/middleware-user-agent": "3.731.0", "@aws-sdk/types": "3.731.0", "@aws-sdk/util-user-agent-browser": "3.731.0", "@aws-sdk/util-user-agent-node": "3.731.0", "@smithy/config-resolver": "^4.0.1", "@smithy/core": "^3.1.1", "@smithy/fetch-http-handler": "^5.0.1", "@smithy/hash-node": "^4.0.1", "@smithy/invalid-dependency": "^4.0.1", "@smithy/middleware-content-length": "^4.0.1", "@smithy/middleware-retry": "^4.0.3", "@smithy/middleware-serde": "^4.0.1", "@smithy/middleware-stack": "^4.0.1", "@smithy/node-config-provider": "^4.0.1", "@smithy/node-http-handler": "^4.0.2", "@smithy/protocol-http": "^5.0.1", "@smithy/smithy-client": "^4.1.2", "@smithy/types": "^4.1.0", "@smithy/url-parser": "^4.0.1", "@smithy/util-base64": "^4.0.0", "@smithy/util-body-length-browser": "^4.0.0", "@smithy/util-body-length-node": "^4.0.0", "@smithy/util-defaults-mode-browser": "^4.0.3", "@smithy/util-defaults-mode-node": "^4.0.3", "@smithy/util-middleware": "^4.0.1", "@smithy/util-retry": "^4.0.1", "@smithy/util-utf8": "^4.0.0", "tslib": "^2.6.2" }, "devDependencies": { "@tsconfig/node18": "18.2.4", "@types/node": "^18.19.69", "concurrently": "7.0.0", "downlevel-dts": "0.10.1", "rimraf": "^3.0.0", "typescript": "~5.2.2" } }],

    "@smithy/abort-controller": ["@smithy/abort-controller@4.2.7", "", { "dependencies": { "@smithy/types": "^4.11.0", "tslib": "^2.6.2" } }, "sha512-rzMY6CaKx2qxrbYbqjXWS0plqEy7LOdKHS0bg4ixJ6aoGDPNUcLWk/FRNuCILh7GKLG9TFUXYYeQQldMBBwuyw=="],

    "@smithy/config-resolver": ["@smithy/config-resolver@4.4.5", "", { "dependencies": { "@smithy/node-config-provider": "^4.3.7", "@smithy/types": "^4.11.0", "@smithy/util-config-provider": "^4.2.0", "@smithy/util-endpoints": "^3.2.7", "@smithy/util-middleware": "^4.2.7", "tslib": "^2.6.2" } }, "sha512-HAGoUAFYsUkoSckuKbCPayECeMim8pOu+yLy1zOxt1sifzEbrsRpYa+mKcMdiHKMeiqOibyPG0sFJnmaV/OGEg=="],

    "@smithy/core": ["@smithy/core@3.20.1", "", { "dependencies": { "@smithy/middleware-serde": "^4.2.8", "@smithy/protocol-http": "^5.3.7", "@smithy/types": "^4.11.0", "@smithy/util-base64": "^4.3.0", "@smithy/util-body-length-browser": "^4.2.0", "@smithy/util-middleware": "^4.2.7", "@smithy/util-stream": "^4.5.8", "@smithy/util-utf8": "^4.2.0", "@smithy/uuid": "^1.1.0", "tslib": "^2.6.2" } }, "sha512-wOboSEdQ85dbKAJ0zL+wQ6b0HTSBRhtGa0PYKysQXkRg+vK0tdCRRVruiFM2QMprkOQwSYOnwF4og96PAaEGag=="],

    "@smithy/credential-provider-imds": ["@smithy/credential-provider-imds@4.2.7", "", { "dependencies": { "@smithy/node-config-provider": "^4.3.7", "@smithy/property-provider": "^4.2.7", "@smithy/types": "^4.11.0", "@smithy/url-parser": "^4.2.7", "tslib": "^2.6.2" } }, "sha512-CmduWdCiILCRNbQWFR0OcZlUPVtyE49Sr8yYL0rZQ4D/wKxiNzBNS/YHemvnbkIWj623fplgkexUd/c9CAKdoA=="],

    "@smithy/fetch-http-handler": ["@smithy/fetch-http-handler@5.3.8", "", { "dependencies": { "@smithy/protocol-http": "^5.3.7", "@smithy/querystring-builder": "^4.2.7", "@smithy/types": "^4.11.0", "@smithy/util-base64": "^4.3.0", "tslib": "^2.6.2" } }, "sha512-h/Fi+o7mti4n8wx1SR6UHWLaakwHRx29sizvp8OOm7iqwKGFneT06GCSFhml6Bha5BT6ot5pj3CYZnCHhGC2Rg=="],

    "@smithy/hash-node": ["@smithy/hash-node@4.2.7", "", { "dependencies": { "@smithy/types": "^4.11.0", "@smithy/util-buffer-from": "^4.2.0", "@smithy/util-utf8": "^4.2.0", "tslib": "^2.6.2" } }, "sha512-PU/JWLTBCV1c8FtB8tEFnY4eV1tSfBc7bDBADHfn1K+uRbPgSJ9jnJp0hyjiFN2PMdPzxsf1Fdu0eo9fJ760Xw=="],

    "@smithy/invalid-dependency": ["@smithy/invalid-dependency@4.2.7", "", { "dependencies": { "@smithy/types": "^4.11.0", "tslib": "^2.6.2" } }, "sha512-ncvgCr9a15nPlkhIUx3CU4d7E7WEuVJOV7fS7nnK2hLtPK9tYRBkMHQbhXU1VvvKeBm/O0x26OEoBq+ngFpOEQ=="],

    "@smithy/is-array-buffer": ["@smithy/is-array-buffer@4.2.0", "", { "dependencies": { "tslib": "^2.6.2" } }, "sha512-DZZZBvC7sjcYh4MazJSGiWMI2L7E0oCiRHREDzIxi/M2LY79/21iXt6aPLHge82wi5LsuRF5A06Ds3+0mlh6CQ=="],

    "@smithy/middleware-content-length": ["@smithy/middleware-content-length@4.2.7", "", { "dependencies": { "@smithy/protocol-http": "^5.3.7", "@smithy/types": "^4.11.0", "tslib": "^2.6.2" } }, "sha512-GszfBfCcvt7kIbJ41LuNa5f0wvQCHhnGx/aDaZJCCT05Ld6x6U2s0xsc/0mBFONBZjQJp2U/0uSJ178OXOwbhg=="],

    "@smithy/middleware-endpoint": ["@smithy/middleware-endpoint@4.4.2", "", { "dependencies": { "@smithy/core": "^3.20.1", "@smithy/middleware-serde": "^4.2.8", "@smithy/node-config-provider": "^4.3.7", "@smithy/shared-ini-file-loader": "^4.4.2", "@smithy/types": "^4.11.0", "@smithy/url-parser": "^4.2.7", "@smithy/util-middleware": "^4.2.7", "tslib": "^2.6.2" } }, "sha512-mqpAdux0BNmZu/SqkFhQEnod4fX23xxTvU2LUpmKp0JpSI+kPYCiHJMmzREr8yxbNxKL2/DU1UZm9i++ayU+2g=="],

    "@smithy/middleware-retry": ["@smithy/middleware-retry@4.4.18", "", { "dependencies": { "@smithy/node-config-provider": "^4.3.7", "@smithy/protocol-http": "^5.3.7", "@smithy/service-error-classification": "^4.2.7", "@smithy/smithy-client": "^4.10.3", "@smithy/types": "^4.11.0", "@smithy/util-middleware": "^4.2.7", "@smithy/util-retry": "^4.2.7", "@smithy/uuid": "^1.1.0", "tslib": "^2.6.2" } }, "sha512-E5hulijA59nBk/zvcwVMaS7FG7Y4l6hWA9vrW018r+8kiZef4/ETQaPI4oY+3zsy9f6KqDv3c4VKtO4DwwgpCg=="],

    "@smithy/middleware-serde": ["@smithy/middleware-serde@4.2.8", "", { "dependencies": { "@smithy/protocol-http": "^5.3.7", "@smithy/types": "^4.11.0", "tslib": "^2.6.2" } }, "sha512-8rDGYen5m5+NV9eHv9ry0sqm2gI6W7mc1VSFMtn6Igo25S507/HaOX9LTHAS2/J32VXD0xSzrY0H5FJtOMS4/w=="],

    "@smithy/middleware-stack": ["@smithy/middleware-stack@4.2.7", "", { "dependencies": { "@smithy/types": "^4.11.0", "tslib": "^2.6.2" } }, "sha512-bsOT0rJ+HHlZd9crHoS37mt8qRRN/h9jRve1SXUhVbkRzu0QaNYZp1i1jha4n098tsvROjcwfLlfvcFuJSXEsw=="],

    "@smithy/node-config-provider": ["@smithy/node-config-provider@4.3.7", "", { "dependencies": { "@smithy/property-provider": "^4.2.7", "@smithy/shared-ini-file-loader": "^4.4.2", "@smithy/types": "^4.11.0", "tslib": "^2.6.2" } }, "sha512-7r58wq8sdOcrwWe+klL9y3bc4GW1gnlfnFOuL7CXa7UzfhzhxKuzNdtqgzmTV+53lEp9NXh5hY/S4UgjLOzPfw=="],

    "@smithy/node-http-handler": ["@smithy/node-http-handler@4.4.7", "", { "dependencies": { "@smithy/abort-controller": "^4.2.7", "@smithy/protocol-http": "^5.3.7", "@smithy/querystring-builder": "^4.2.7", "@smithy/types": "^4.11.0", "tslib": "^2.6.2" } }, "sha512-NELpdmBOO6EpZtWgQiHjoShs1kmweaiNuETUpuup+cmm/xJYjT4eUjfhrXRP4jCOaAsS3c3yPsP3B+K+/fyPCQ=="],

    "@smithy/property-provider": ["@smithy/property-provider@4.2.7", "", { "dependencies": { "@smithy/types": "^4.11.0", "tslib": "^2.6.2" } }, "sha512-jmNYKe9MGGPoSl/D7JDDs1C8b3dC8f/w78LbaVfoTtWy4xAd5dfjaFG9c9PWPihY4ggMQNQSMtzU77CNgAJwmA=="],

    "@smithy/protocol-http": ["@smithy/protocol-http@5.3.7", "", { "dependencies": { "@smithy/types": "^4.11.0", "tslib": "^2.6.2" } }, "sha512-1r07pb994I20dD/c2seaZhoCuNYm0rWrvBxhCQ70brNh11M5Ml2ew6qJVo0lclB3jMIXirD4s2XRXRe7QEi0xA=="],

    "@smithy/querystring-builder": ["@smithy/querystring-builder@4.2.7", "", { "dependencies": { "@smithy/types": "^4.11.0", "@smithy/util-uri-escape": "^4.2.0", "tslib": "^2.6.2" } }, "sha512-eKONSywHZxK4tBxe2lXEysh8wbBdvDWiA+RIuaxZSgCMmA0zMgoDpGLJhnyj+c0leOQprVnXOmcB4m+W9Rw7sg=="],

    "@smithy/querystring-parser": ["@smithy/querystring-parser@4.2.7", "", { "dependencies": { "@smithy/types": "^4.11.0", "tslib": "^2.6.2" } }, "sha512-3X5ZvzUHmlSTHAXFlswrS6EGt8fMSIxX/c3Rm1Pni3+wYWB6cjGocmRIoqcQF9nU5OgGmL0u7l9m44tSUpfj9w=="],

    "@smithy/service-error-classification": ["@smithy/service-error-classification@4.2.7", "", { "dependencies": { "@smithy/types": "^4.11.0" } }, "sha512-YB7oCbukqEb2Dlh3340/8g8vNGbs/QsNNRms+gv3N2AtZz9/1vSBx6/6tpwQpZMEJFs7Uq8h4mmOn48ZZ72MkA=="],

    "@smithy/shared-ini-file-loader": ["@smithy/shared-ini-file-loader@4.4.2", "", { "dependencies": { "@smithy/types": "^4.11.0", "tslib": "^2.6.2" } }, "sha512-M7iUUff/KwfNunmrgtqBfvZSzh3bmFgv/j/t1Y1dQ+8dNo34br1cqVEqy6v0mYEgi0DkGO7Xig0AnuOaEGVlcg=="],

    "@smithy/signature-v4": ["@smithy/signature-v4@5.3.7", "", { "dependencies": { "@smithy/is-array-buffer": "^4.2.0", "@smithy/protocol-http": "^5.3.7", "@smithy/types": "^4.11.0", "@smithy/util-hex-encoding": "^4.2.0", "@smithy/util-middleware": "^4.2.7", "@smithy/util-uri-escape": "^4.2.0", "@smithy/util-utf8": "^4.2.0", "tslib": "^2.6.2" } }, "sha512-9oNUlqBlFZFOSdxgImA6X5GFuzE7V2H7VG/7E70cdLhidFbdtvxxt81EHgykGK5vq5D3FafH//X+Oy31j3CKOg=="],

    "@smithy/smithy-client": ["@smithy/smithy-client@4.10.3", "", { "dependencies": { "@smithy/core": "^3.20.1", "@smithy/middleware-endpoint": "^4.4.2", "@smithy/middleware-stack": "^4.2.7", "@smithy/protocol-http": "^5.3.7", "@smithy/types": "^4.11.0", "@smithy/util-stream": "^4.5.8", "tslib": "^2.6.2" } }, "sha512-EfECiO/0fAfb590LBnUe7rI5ux7XfquQ8LBzTe7gxw0j9QW/q8UT/EHWHlxV/+jhQ3+Ssga9uUYXCQgImGMbNg=="],

    "@smithy/types": ["@smithy/types@4.11.0", "", { "dependencies": { "tslib": "^2.6.2" } }, "sha512-mlrmL0DRDVe3mNrjTcVcZEgkFmufITfUAPBEA+AHYiIeYyJebso/He1qLbP3PssRe22KUzLRpQSdBPbXdgZ2VA=="],

    "@smithy/url-parser": ["@smithy/url-parser@4.2.7", "", { "dependencies": { "@smithy/querystring-parser": "^4.2.7", "@smithy/types": "^4.11.0", "tslib": "^2.6.2" } }, "sha512-/RLtVsRV4uY3qPWhBDsjwahAtt3x2IsMGnP5W1b2VZIe+qgCqkLxI1UOHDZp1Q1QSOrdOR32MF3Ph2JfWT1VHg=="],

    "@smithy/util-base64": ["@smithy/util-base64@4.3.0", "", { "dependencies": { "@smithy/util-buffer-from": "^4.2.0", "@smithy/util-utf8": "^4.2.0", "tslib": "^2.6.2" } }, "sha512-GkXZ59JfyxsIwNTWFnjmFEI8kZpRNIBfxKjv09+nkAWPt/4aGaEWMM04m4sxgNVWkbt2MdSvE3KF/PfX4nFedQ=="],

    "@smithy/util-body-length-browser": ["@smithy/util-body-length-browser@4.2.0", "", { "dependencies": { "tslib": "^2.6.2" } }, "sha512-Fkoh/I76szMKJnBXWPdFkQJl2r9SjPt3cMzLdOB6eJ4Pnpas8hVoWPYemX/peO0yrrvldgCUVJqOAjUrOLjbxg=="],

    "@smithy/util-body-length-node": ["@smithy/util-body-length-node@4.2.1", "", { "dependencies": { "tslib": "^2.6.2" } }, "sha512-h53dz/pISVrVrfxV1iqXlx5pRg3V2YWFcSQyPyXZRrZoZj4R4DeWRDo1a7dd3CPTcFi3kE+98tuNyD2axyZReA=="],

    "@smithy/util-buffer-from": ["@smithy/util-buffer-from@4.2.0", "", { "dependencies": { "@smithy/is-array-buffer": "^4.2.0", "tslib": "^2.6.2" } }, "sha512-kAY9hTKulTNevM2nlRtxAG2FQ3B2OR6QIrPY3zE5LqJy1oxzmgBGsHLWTcNhWXKchgA0WHW+mZkQrng/pgcCew=="],

    "@smithy/util-config-provider": ["@smithy/util-config-provider@4.2.0", "", { "dependencies": { "tslib": "^2.6.2" } }, "sha512-YEjpl6XJ36FTKmD+kRJJWYvrHeUvm5ykaUS5xK+6oXffQPHeEM4/nXlZPe+Wu0lsgRUcNZiliYNh/y7q9c2y6Q=="],

    "@smithy/util-defaults-mode-browser": ["@smithy/util-defaults-mode-browser@4.3.17", "", { "dependencies": { "@smithy/property-provider": "^4.2.7", "@smithy/smithy-client": "^4.10.3", "@smithy/types": "^4.11.0", "tslib": "^2.6.2" } }, "sha512-dwN4GmivYF1QphnP3xJESXKtHvkkvKHSZI8GrSKMVoENVSKW2cFPRYC4ZgstYjUHdR3zwaDkIaTDIp26JuY7Cw=="],

    "@smithy/util-defaults-mode-node": ["@smithy/util-defaults-mode-node@4.2.20", "", { "dependencies": { "@smithy/config-resolver": "^4.4.5", "@smithy/credential-provider-imds": "^4.2.7", "@smithy/node-config-provider": "^4.3.7", "@smithy/property-provider": "^4.2.7", "@smithy/smithy-client": "^4.10.3", "@smithy/types": "^4.11.0", "tslib": "^2.6.2" } }, "sha512-VD/I4AEhF1lpB3B//pmOIMBNLMrtdMXwy9yCOfa2QkJGDr63vH3RqPbSAKzoGMov3iryCxTXCxSsyGmEB8PDpg=="],

    "@smithy/util-endpoints": ["@smithy/util-endpoints@3.2.7", "", { "dependencies": { "@smithy/node-config-provider": "^4.3.7", "@smithy/types": "^4.11.0", "tslib": "^2.6.2" } }, "sha512-s4ILhyAvVqhMDYREeTS68R43B1V5aenV5q/V1QpRQJkCXib5BPRo4s7uNdzGtIKxaPHCfU/8YkvPAEvTpxgspg=="],

    "@smithy/util-hex-encoding": ["@smithy/util-hex-encoding@4.2.0", "", { "dependencies": { "tslib": "^2.6.2" } }, "sha512-CCQBwJIvXMLKxVbO88IukazJD9a4kQ9ZN7/UMGBjBcJYvatpWk+9g870El4cB8/EJxfe+k+y0GmR9CAzkF+Nbw=="],

    "@smithy/util-middleware": ["@smithy/util-middleware@4.2.7", "", { "dependencies": { "@smithy/types": "^4.11.0", "tslib": "^2.6.2" } }, "sha512-i1IkpbOae6NvIKsEeLLM9/2q4X+M90KV3oCFgWQI4q0Qz+yUZvsr+gZPdAEAtFhWQhAHpTsJO8DRJPuwVyln+w=="],

    "@smithy/util-retry": ["@smithy/util-retry@4.2.7", "", { "dependencies": { "@smithy/service-error-classification": "^4.2.7", "@smithy/types": "^4.11.0", "tslib": "^2.6.2" } }, "sha512-SvDdsQyF5CIASa4EYVT02LukPHVzAgUA4kMAuZ97QJc2BpAqZfA4PINB8/KOoCXEw9tsuv/jQjMeaHFvxdLNGg=="],

    "@smithy/util-stream": ["@smithy/util-stream@4.5.8", "", { "dependencies": { "@smithy/fetch-http-handler": "^5.3.8", "@smithy/node-http-handler": "^4.4.7", "@smithy/types": "^4.11.0", "@smithy/util-base64": "^4.3.0", "@smithy/util-buffer-from": "^4.2.0", "@smithy/util-hex-encoding": "^4.2.0", "@smithy/util-utf8": "^4.2.0", "tslib": "^2.6.2" } }, "sha512-ZnnBhTapjM0YPGUSmOs0Mcg/Gg87k503qG4zU2v/+Js2Gu+daKOJMeqcQns8ajepY8tgzzfYxl6kQyZKml6O2w=="],

    "@smithy/util-uri-escape": ["@smithy/util-uri-escape@4.2.0", "", { "dependencies": { "tslib": "^2.6.2" } }, "sha512-igZpCKV9+E/Mzrpq6YacdTQ0qTiLm85gD6N/IrmyDvQFA4UnU3d5g3m8tMT/6zG/vVkWSU+VxeUyGonL62DuxA=="],

    "@smithy/util-utf8": ["@smithy/util-utf8@4.2.0", "", { "dependencies": { "@smithy/util-buffer-from": "^4.2.0", "tslib": "^2.6.2" } }, "sha512-zBPfuzoI8xyBtR2P6WQj63Rz8i3AmfAaJLuNG8dWsfvPe8lO4aCPYLn879mEgHndZH1zQ2oXmG8O1GGzzaoZiw=="],

    "@smithy/uuid": ["@smithy/uuid@1.1.0", "", { "dependencies": { "tslib": "^2.6.2" } }, "sha512-4aUIteuyxtBUhVdiQqcDhKFitwfd9hqoSDYY2KRXiWtgoWJ9Bmise+KfEPDiVHWeJepvF8xJO9/9+WDIciMFFw=="],

    "@tsconfig/node18": ["@tsconfig/node18@18.2.4", "", {}, "sha512-5xxU8vVs9/FNcvm3gE07fPbn9tl6tqGGWA9tSlwsUEkBxtRnTsNmwrV8gasZ9F/EobaSv9+nu8AxUKccw77JpQ=="],

    "@types/bun": ["@types/bun@1.3.5", "", { "dependencies": { "bun-types": "1.3.5" } }, "sha512-RnygCqNrd3srIPEWBd5LFeUYG7plCoH2Yw9WaZGyNmdTEei+gWaHqydbaIRkIkcbXwhBT94q78QljxN0Sk838w=="],

    "@types/node": ["@types/node@18.19.130", "", { "dependencies": { "undici-types": "~5.26.4" } }, "sha512-GRaXQx6jGfL8sKfaIDD6OupbIHBr9jv7Jnaml9tB7l4v068PAOXqfcujMMo5PhbIs6ggR1XODELqahT2R8v0fg=="],

    "ansi-regex": ["ansi-regex@5.0.1", "", {}, "sha512-quJQXlTSUGL2LH9SUXo8VwsY4soanhgo6LNSm84E1LBcE8s3O0wpdiRzyR9z/ZZJMlMWv37qOOb9pdJlMUEKFQ=="],

    "ansi-styles": ["ansi-styles@4.3.0", "", { "dependencies": { "color-convert": "^2.0.1" } }, "sha512-zbB9rCJAT1rbjiVDb2hqKFHNYLxgtk8NURxZ3IZwD3F6NtxbXZQCnnSi1Lkx+IDohdPlFp222wVALIheZJQSEg=="],

    "balanced-match": ["balanced-match@1.0.2", "", {}, "sha512-3oSeUO0TMV67hN1AmbXsK4yaqU7tjiHlbxRDZOpH0KW9+CeX4bRAaX0Anxt0tx2MrpRpWwQaPwIlISEJhYU5Pw=="],

    "bowser": ["bowser@2.13.1", "", {}, "sha512-OHawaAbjwx6rqICCKgSG0SAnT05bzd7ppyKLVUITZpANBaaMFBAsaNkto3LoQ31tyFP5kNujE8Cdx85G9VzOkw=="],

    "brace-expansion": ["brace-expansion@1.1.12", "", { "dependencies": { "balanced-match": "^1.0.0", "concat-map": "0.0.1" } }, "sha512-9T9UjW3r0UW5c1Q7GTwllptXwhvYmEzFhzMfZ9H7FQWt+uZePjZPjBP/W1ZEyZ1twGWom5/56TF4lPcqjnDHcg=="],

    "bun-types": ["bun-types@1.3.5", "", { "dependencies": { "@types/node": "*" } }, "sha512-inmAYe2PFLs0SUbFOWSVD24sg1jFlMPxOjOSSCYqUgn4Hsc3rDc7dFvfVYjFPNHtov6kgUeulV4SxbuIV/stPw=="],

    "chalk": ["chalk@4.1.2", "", { "dependencies": { "ansi-styles": "^4.1.0", "supports-color": "^7.1.0" } }, "sha512-oKnbhFyRIXpUuez8iBMmyEa4nbj4IOQyuhc/wy9kY7/WVPcwIO9VA668Pu8RkO7+0G76SLROeyw9CpQ061i4mA=="],

    "cliui": ["cliui@7.0.4", "", { "dependencies": { "string-width": "^4.2.0", "strip-ansi": "^6.0.0", "wrap-ansi": "^7.0.0" } }, "sha512-OcRE68cOsVMXp1Yvonl/fzkQOyjLSu/8bhPDfQt0e0/Eb283TKP20Fs2MqoPsr9SwA595rRCA+QMzYc9nBP+JQ=="],

    "color-convert": ["color-convert@2.0.1", "", { "dependencies": { "color-name": "~1.1.4" } }, "sha512-RRECPsj7iu/xb5oKYcsFHSppFNnsj/52OVTRKb4zP5onXwVF3zVmmToNcOfGC+CRDpfK/U584fMg38ZHCaElKQ=="],

    "color-name": ["color-name@1.1.4", "", {}, "sha512-dOy+3AuW3a2wNbZHIuMZpTcgjGuLU/uBL/ubcZF9OXbDo8ff4O8yVp5Bf0efS8uEoYo5q4Fx7dY9OgQGXgAsQA=="],

    "concat-map": ["concat-map@0.0.1", "", {}, "sha512-/Srv4dswyQNBfohGpz9o6Yb3Gz3SrUDqBH5rTuhGR7ahtlbYKnVxw2bCFMRljaA7EXHaXZ8wsHdodFvbkhKmqg=="],

    "concurrently": ["concurrently@7.0.0", "", { "dependencies": { "chalk": "^4.1.0", "date-fns": "^2.16.1", "lodash": "^4.17.21", "rxjs": "^6.6.3", "spawn-command": "^0.0.2-1", "supports-color": "^8.1.0", "tree-kill": "^1.2.2", "yargs": "^16.2.0" }, "bin": { "concurrently": "dist/bin/concurrently.js" } }, "sha512-WKM7PUsI8wyXpF80H+zjHP32fsgsHNQfPLw/e70Z5dYkV7hF+rf8q3D+ScWJIEr57CpkO3OWBko6hwhQLPR8Pw=="],

    "date-fns": ["date-fns@2.30.0", "", { "dependencies": { "@babel/runtime": "^7.21.0" } }, "sha512-fnULvOpxnC5/Vg3NCiWelDsLiUc9bRwAPs/+LfTLNvetFCtCTN+yQz15C/fs4AwX1R9K5GLtLfn8QW+dWisaAw=="],

    "downlevel-dts": ["downlevel-dts@0.10.1", "", { "dependencies": { "semver": "^7.3.2", "shelljs": "^0.8.3", "typescript": "next" }, "bin": { "downlevel-dts": "index.js" } }, "sha512-bwY63Y0Gfwotcly4vU6rB66m5txvfQzDGd1Gai9E9orqsDIswXKjkdR18Tm6TidnAk9+J5N68a5VMDO2bsQCKQ=="],

    "emoji-regex": ["emoji-regex@8.0.0", "", {}, "sha512-MSjYzcWNOA0ewAHpz0MxpYFvwg6yjy1NG3xteoqz644VCo/RPgnr1/GGt+ic3iJTzQ8Eu3TdM14SawnVUmGE6A=="],

    "escalade": ["escalade@3.2.0", "", {}, "sha512-WUj2qlxaQtO4g6Pq5c29GTcWGDyd8itL8zTlipgECz3JesAiiOKotd8JU6otB3PACgG6xkJUyVhboMS+bje/jA=="],

    "fast-xml-parser": ["fast-xml-parser@4.4.1", "", { "dependencies": { "strnum": "^1.0.5" }, "bin": { "fxparser": "src/cli/cli.js" } }, "sha512-xkjOecfnKGkSsOwtZ5Pz7Us/T6mrbPQrq0nh+aCO5V9nk5NLWmasAHumTKjiPJPWANe+kAZ84Jc8ooJkzZ88Sw=="],

    "fs.realpath": ["fs.realpath@1.0.0", "", {}, "sha512-OO0pH2lK6a0hZnAdau5ItzHPI6pUlvI7jMVnxUQRtw4owF2wk8lOSabtGDCTP4Ggrg2MbGnWO9X8K1t4+fGMDw=="],

    "function-bind": ["function-bind@1.1.2", "", {}, "sha512-7XHNxH7qX9xG5mIwxkhumTox/MIRNcOgDrxWsMt2pAr23WHp6MrRlN7FBSFpCpr+oVO0F744iUgR82nJMfG2SA=="],

    "get-caller-file": ["get-caller-file@2.0.5", "", {}, "sha512-DyFP3BM/3YHTQOCUL/w0OZHR0lpKeGrxotcHWcqNEdnltqFwXVfhEBQ94eIo34AfQpo0rGki4cyIiftY06h2Fg=="],

    "glob": ["glob@7.2.3", "", { "dependencies": { "fs.realpath": "^1.0.0", "inflight": "^1.0.4", "inherits": "2", "minimatch": "^3.1.1", "once": "^1.3.0", "path-is-absolute": "^1.0.0" } }, "sha512-nFR0zLpU2YCaRxwoCJvL6UvCH2JFyFVIvwTLsIf21AuHlMskA1hhTdk+LlYJtOlYt9v6dvszD2BGRqBL+iQK9Q=="],

    "has-flag": ["has-flag@4.0.0", "", {}, "sha512-EykJT/Q1KjTWctppgIAgfSO0tKVuZUjhgMr17kqTumMl6Afv3EISleU7qZUzoXDFTAHTDC4NOoG/ZxU3EvlMPQ=="],

    "hasown": ["hasown@2.0.2", "", { "dependencies": { "function-bind": "^1.1.2" } }, "sha512-0hJU9SCPvmMzIBdZFqNPXWa6dqh7WdH0cII9y+CyS8rG3nL48Bclra9HmKhVVUHyPWNH5Y7xDwAB7bfgSjkUMQ=="],

    "inflight": ["inflight@1.0.6", "", { "dependencies": { "once": "^1.3.0", "wrappy": "1" } }, "sha512-k92I/b08q4wvFscXCLvqfsHCrjrF7yiXsQuIVvVE7N82W3+aqpzuUdBbfhWcy/FZR3/4IgflMgKLOsvPDrGCJA=="],

    "inherits": ["inherits@2.0.4", "", {}, "sha512-k/vGaX4/Yla3WzyMCvTQOXYeIHvqOKtnqBduzTHpzpQZzAskKMhZ2K+EnBiSM9zGSoIFeMpXKxa4dYeZIQqewQ=="],

    "interpret": ["interpret@1.4.0", "", {}, "sha512-agE4QfB2Lkp9uICn7BAqoscw4SZP9kTE2hxiFI3jBPmXJfdqiahTbUuKGsMoN2GtqL9AxhYioAcVvgsb1HvRbA=="],

    "is-core-module": ["is-core-module@2.16.1", "", { "dependencies": { "hasown": "^2.0.2" } }, "sha512-UfoeMA6fIJ8wTYFEUjelnaGI67v6+N7qXJEvQuIGa99l4xsCruSYOVSQ0uPANn4dAzm8lkYPaKLrrijLq7x23w=="],

    "is-fullwidth-code-point": ["is-fullwidth-code-point@3.0.0", "", {}, "sha512-zymm5+u+sCsSWyD9qNaejV3DFvhCKclKdizYaJUuHA83RLjb7nSuGnddCHGv0hk+KY7BMAlsWeK4Ueg6EV6XQg=="],

    "lodash": ["lodash@4.17.21", "", {}, "sha512-v2kDEe57lecTulaDIuNTPy3Ry4gLGJ6Z1O3vE1krgXZNrsQ+LFTGHVxVjcXPs17LhbZVGedAJv8XZ1tvj5FvSg=="],

    "minimatch": ["minimatch@3.1.2", "", { "dependencies": { "brace-expansion": "^1.1.7" } }, "sha512-J7p63hRiAjw1NDEww1W7i37+ByIrOWO5XQQAzZ3VOcL0PNybwpfmV/N05zFAzwQ9USyEcX6t3UO+K5aqBQOIHw=="],

    "once": ["once@1.4.0", "", { "dependencies": { "wrappy": "1" } }, "sha512-lNaJgI+2Q5URQBkccEKHTQOPaXdUxnZZElQTZY0MFUAuaEqe1E+Nyvgdz/aIyNi6Z9MzO5dv1H8n58/GELp3+w=="],

    "path-is-absolute": ["path-is-absolute@1.0.1", "", {}, "sha512-AVbw3UJ2e9bq64vSaS9Am0fje1Pa8pbGqTTsmXfaIiMpnr5DlDhfJOuLj9Sf95ZPVDAUerDfEk88MPmPe7UCQg=="],

    "path-parse": ["path-parse@1.0.7", "", {}, "sha512-LDJzPVEEEPR+y48z93A0Ed0yXb8pAByGWo/k5YYdYgpY2/2EsOsksJrq7lOHxryrVOn1ejG6oAp8ahvOIQD8sw=="],

    "rechoir": ["rechoir@0.6.2", "", { "dependencies": { "resolve": "^1.1.6" } }, "sha512-HFM8rkZ+i3zrV+4LQjwQ0W+ez98pApMGM3HUrN04j3CqzPOzl9nmP15Y8YXNm8QHGv/eacOVEjqhmWpkRV0NAw=="],

    "require-directory": ["require-directory@2.1.1", "", {}, "sha512-fGxEI7+wsG9xrvdjsrlmL22OMTTiHRwAMroiEeMgq8gzoLC/PQr7RsRDSTLUg/bZAZtF+TVIkHc6/4RIKrui+Q=="],

    "resolve": ["resolve@1.22.11", "", { "dependencies": { "is-core-module": "^2.16.1", "path-parse": "^1.0.7", "supports-preserve-symlinks-flag": "^1.0.0" }, "bin": { "resolve": "bin/resolve" } }, "sha512-RfqAvLnMl313r7c9oclB1HhUEAezcpLjz95wFH4LVuhk9JF/r22qmVP9AMmOU4vMX7Q8pN8jwNg/CSpdFnMjTQ=="],

    "rimraf": ["rimraf@3.0.2", "", { "dependencies": { "glob": "^7.1.3" }, "bin": { "rimraf": "bin.js" } }, "sha512-JZkJMZkAGFFPP2YqXZXPbMlMBgsxzE8ILs4lMIX/2o0L9UBw9O/Y3o6wFw/i9YLapcUJWwqbi3kdxIPdC62TIA=="],

    "rxjs": ["rxjs@6.6.7", "", { "dependencies": { "tslib": "^1.9.0" } }, "sha512-hTdwr+7yYNIT5n4AMYp85KA6yw2Va0FLa3Rguvbpa4W3I5xynaBZo41cM3XM+4Q6fRMj3sBYIR1VAmZMXYJvRQ=="],

    "semver": ["semver@7.7.3", "", { "bin": { "semver": "bin/semver.js" } }, "sha512-SdsKMrI9TdgjdweUSR9MweHA4EJ8YxHn8DFaDisvhVlUOe4BF1tLD7GAj0lIqWVl+dPb/rExr0Btby5loQm20Q=="],

    "shelljs": ["shelljs@0.8.5", "", { "dependencies": { "glob": "^7.0.0", "interpret": "^1.0.0", "rechoir": "^0.6.2" }, "bin": { "shjs": "bin/shjs" } }, "sha512-TiwcRcrkhHvbrZbnRcFYMLl30Dfov3HKqzp5tO5b4pt6G/SezKcYhmDg15zXVBswHmctSAQKznqNW2LO5tTDow=="],

    "spawn-command": ["spawn-command@0.0.2", "", {}, "sha512-zC8zGoGkmc8J9ndvml8Xksr1Amk9qBujgbF0JAIWO7kXr43w0h/0GJNM/Vustixu+YE8N/MTrQ7N31FvHUACxQ=="],

    "string-width": ["string-width@4.2.3", "", { "dependencies": { "emoji-regex": "^8.0.0", "is-fullwidth-code-point": "^3.0.0", "strip-ansi": "^6.0.1" } }, "sha512-wKyQRQpjJ0sIp62ErSZdGsjMJWsap5oRNihHhu6G7JVO/9jIB6UyevL+tXuOqrng8j/cxKTWyWUwvSTriiZz/g=="],

    "strip-ansi": ["strip-ansi@6.0.1", "", { "dependencies": { "ansi-regex": "^5.0.1" } }, "sha512-Y38VPSHcqkFrCpFnQ9vuSXmquuv5oXOKpGeT6aGrr3o3Gc9AlVa6JBfUSOCnbxGGZF+/0ooI7KrPuUSztUdU5A=="],

    "strnum": ["strnum@1.1.2", "", {}, "sha512-vrN+B7DBIoTTZjnPNewwhx6cBA/H+IS7rfW68n7XxC1y7uoiGQBxaKzqucGUgavX15dJgiGztLJ8vxuEzwqBdA=="],

    "supports-color": ["supports-color@8.1.1", "", { "dependencies": { "has-flag": "^4.0.0" } }, "sha512-MpUEN2OodtUzxvKQl72cUF7RQ5EiHsGvSsVG0ia9c5RbWGL2CI4C7EpPS8UTBIplnlzZiNuV56w+FuNxy3ty2Q=="],

    "supports-preserve-symlinks-flag": ["supports-preserve-symlinks-flag@1.0.0", "", {}, "sha512-ot0WnXS9fgdkgIcePe6RHNk1WA8+muPa6cSjeR3V8K27q9BB1rTE3R1p7Hv0z1ZyAc8s6Vvv8DIyWf681MAt0w=="],

    "tree-kill": ["tree-kill@1.2.2", "", { "bin": { "tree-kill": "cli.js" } }, "sha512-L0Orpi8qGpRG//Nd+H90vFB+3iHnue1zSSGmNOOCh1GLJ7rUKVwV2HvijphGQS2UmhUZewS9VgvxYIdgr+fG1A=="],

    "tslib": ["tslib@2.8.1", "", {}, "sha512-oJFu94HQb+KVduSUQL7wnpmqnfmLsOA/nAh6b6EH0wCEoK0/mPeXU6c3wKDV83MkOuHPRHtSXKKU99IBazS/2w=="],

    "typescript": ["typescript@6.0.0-dev.20260108", "", { "bin": { "tsc": "bin/tsc", "tsserver": "bin/tsserver" } }, "sha512-mWAHxyi0eVqDwbiSaTUqhR24MdNBWgpEtjBd/GlawwhcsK/7Nsrdc7pKMDz5aMmnSwD+SQA9jtAHCnGPV29Rnw=="],

    "undici-types": ["undici-types@5.26.5", "", {}, "sha512-JlCMO+ehdEIKqlFxk6IfVoAUVmgz7cU7zD/h9XZ0qzeosSHmUJVOzSQvvYSYWXkFXC+IfLKSIffhv0sVZup6pA=="],

    "wrap-ansi": ["wrap-ansi@7.0.0", "", { "dependencies": { "ansi-styles": "^4.0.0", "string-width": "^4.1.0", "strip-ansi": "^6.0.0" } }, "sha512-YVGIj2kamLSTxw6NsZjoBxfSwsn0ycdesmc4p+Q21c5zPuZ1pl+NfxVdxPtdHvmNVOQ6XSYG4AUtyt/Fi7D16Q=="],

    "wrappy": ["wrappy@1.0.2", "", {}, "sha512-l4Sp/DRseor9wL6EvV2+TuQn63dMkPjZ/sp9XkghTEbV9KlPS1xUsZ3u7/IQO4wxtcFB4bgpQPRcR3QCvezPcQ=="],

    "y18n": ["y18n@5.0.8", "", {}, "sha512-0pfFzegeDWJHJIAmTLRP2DwHjdF5s7jo9tuztdQxAhINCdvS+3nGINqPd00AphqJR/0LhANUS6/+7SCb98YOfA=="],

    "yargs": ["yargs@16.2.0", "", { "dependencies": { "cliui": "^7.0.2", "escalade": "^3.1.1", "get-caller-file": "^2.0.5", "require-directory": "^2.1.1", "string-width": "^4.2.0", "y18n": "^5.0.5", "yargs-parser": "^20.2.2" } }, "sha512-D1mvvtDG0L5ft/jGWkLpG1+m0eQxOfaBvTNELraWj22wSVUMWxZUvYgJYcKh6jGGIkJFhH4IZPQhR4TKpc8mBw=="],

    "yargs-parser": ["yargs-parser@20.2.9", "", {}, "sha512-y11nGElTIV+CT3Zv9t7VKl+Q3hTQoT9a1Qzezhhl6Rp21gJ/IVTW7Z3y9EWXhuUBC2Shnf+DX0antecpAwSP8w=="],

    "@aws-crypto/sha256-browser/@smithy/util-utf8": ["@smithy/util-utf8@2.3.0", "", { "dependencies": { "@smithy/util-buffer-from": "^2.2.0", "tslib": "^2.6.2" } }, "sha512-R8Rdn8Hy72KKcebgLiv8jQcQkXoLMOGGv5uI1/k0l+snqkOzQ1R0ChUBCxWMlBsFMekWjq0wRudIweFs7sKT5A=="],

    "@aws-crypto/util/@smithy/util-utf8": ["@smithy/util-utf8@2.3.0", "", { "dependencies": { "@smithy/util-buffer-from": "^2.2.0", "tslib": "^2.6.2" } }, "sha512-R8Rdn8Hy72KKcebgLiv8jQcQkXoLMOGGv5uI1/k0l+snqkOzQ1R0ChUBCxWMlBsFMekWjq0wRudIweFs7sKT5A=="],

    "@juspay/superposition-sdk/typescript": ["typescript@5.2.2", "", { "bin": { "tsc": "bin/tsc", "tsserver": "bin/tsserver" } }, "sha512-mI4WrpHsbCIcwT9cF4FZvr80QUeKvsUsUvKDoR+X/7XHQH98xYD8YHZg7ANtz2GtZt/CBq2QJ0thkGJMHfqc1w=="],

    "chalk/supports-color": ["supports-color@7.2.0", "", { "dependencies": { "has-flag": "^4.0.0" } }, "sha512-qpCAvRl9stuOHveKsn7HncJRvv501qIacKzQlO/+Lwxc9+0q2wLyv4Dfvt80/DPn2pqOBsJdDiogXGR9+OvwRw=="],

    "rxjs/tslib": ["tslib@1.14.1", "", {}, "sha512-Xni35NKzjgMrwevysHTCArtLDpPvye8zV/0E4EyYn43P7/7qvQwPh9BGkHewbMulVntbigmcT7rdX3BNo9wRJg=="],

    "@aws-crypto/sha256-browser/@smithy/util-utf8/@smithy/util-buffer-from": ["@smithy/util-buffer-from@2.2.0", "", { "dependencies": { "@smithy/is-array-buffer": "^2.2.0", "tslib": "^2.6.2" } }, "sha512-IJdWBbTcMQ6DA0gdNhh/BwrLkDR+ADW5Kr1aZmd4k3DIF6ezMV4R2NIAmT08wQJ3yUK82thHWmC/TnK/wpMMIA=="],

    "@aws-crypto/util/@smithy/util-utf8/@smithy/util-buffer-from": ["@smithy/util-buffer-from@2.2.0", "", { "dependencies": { "@smithy/is-array-buffer": "^2.2.0", "tslib": "^2.6.2" } }, "sha512-IJdWBbTcMQ6DA0gdNhh/BwrLkDR+ADW5Kr1aZmd4k3DIF6ezMV4R2NIAmT08wQJ3yUK82thHWmC/TnK/wpMMIA=="],

    "@aws-crypto/sha256-browser/@smithy/util-utf8/@smithy/util-buffer-from/@smithy/is-array-buffer": ["@smithy/is-array-buffer@2.2.0", "", { "dependencies": { "tslib": "^2.6.2" } }, "sha512-GGP3O9QFD24uGeAXYUjwSTXARoqpZykHadOmA8G5vfJPK0/DC67qa//0qvqrJzL1xc8WQWX7/yc7fwudjPHPhA=="],

    "@aws-crypto/util/@smithy/util-utf8/@smithy/util-buffer-from/@smithy/is-array-buffer": ["@smithy/is-array-buffer@2.2.0", "", { "dependencies": { "tslib": "^2.6.2" } }, "sha512-GGP3O9QFD24uGeAXYUjwSTXARoqpZykHadOmA8G5vfJPK0/DC67qa//0qvqrJzL1xc8WQWX7/yc7fwudjPHPhA=="],
  }
}
