# This file was autogenerated by Stack.
# You should not edit this file by hand.
# For more information, please see the documentation at:
#   https://docs.haskellstack.org/en/stable/lock_files

packages: []
snapshots:
- completed:
    sha256: b0358d7286d5b53549f2345588a78a261128421ec42d1e3e6f37e8d98614b6ca
    size: 558754
    url: https://raw.githubusercontent.com/commercialhaskell/stackage-snapshots/master/nightly/2022/12/12.yaml
  original: nightly-2022-12-12
