{
    "name": "@superposition/core-clients-typescript",
    "version": "0.0.1",
    "lockfileVersion": 3,
    "requires": true,
    "packages": {
        "": {
            "name": "@superposition/core-clients-typescript",
            "version": "0.0.1",
            "dependencies": {
                "@io.juspay/superposition-sdk": "../../generated/smithy/typescript",
                "@openfeature/server-sdk": "^1.13.0",
                "koffi": "^2.11.0",
                "tslib": "^2.6.2"
            },
            "devDependencies": {
                "@tsconfig/node18": "^18.2.4",
                "@types/node": "^18.19.69",
                "rimraf": "^3.0.0",
                "typescript": "~5.2.2"
            },
            "engines": {
                "node": ">=18.0.0"
            }
        },
        "../../clients/generated/smithy/typescript": {
            "name": "superposition-smithy-sdk",
            "version": "0.0.1",
            "extraneous": true,
            "dependencies": {
                "@aws-crypto/sha256-browser": "5.2.0",
                "@aws-crypto/sha256-js": "5.2.0",
                "@aws-sdk/core": "3.731.0",
                "@aws-sdk/middleware-host-header": "3.731.0",
                "@aws-sdk/middleware-logger": "3.731.0",
                "@aws-sdk/middleware-recursion-detection": "3.731.0",
                "@aws-sdk/middleware-user-agent": "3.731.0",
                "@aws-sdk/types": "3.731.0",
                "@aws-sdk/util-user-agent-browser": "3.731.0",
                "@aws-sdk/util-user-agent-node": "3.731.0",
                "@openfeature/server-sdk": "^1.18.0",
                "@smithy/config-resolver": "^4.0.1",
                "@smithy/core": "^3.1.1",
                "@smithy/fetch-http-handler": "^5.0.1",
                "@smithy/hash-node": "^4.0.1",
                "@smithy/invalid-dependency": "^4.0.1",
                "@smithy/middleware-content-length": "^4.0.1",
                "@smithy/middleware-retry": "^4.0.3",
                "@smithy/middleware-serde": "^4.0.1",
                "@smithy/middleware-stack": "^4.0.1",
                "@smithy/node-config-provider": "^4.0.1",
                "@smithy/node-http-handler": "^4.0.2",
                "@smithy/protocol-http": "^5.0.1",
                "@smithy/smithy-client": "^4.1.2",
                "@smithy/types": "^4.1.0",
                "@smithy/url-parser": "^4.0.1",
                "@smithy/util-base64": "^4.0.0",
                "@smithy/util-body-length-browser": "^4.0.0",
                "@smithy/util-body-length-node": "^4.0.0",
                "@smithy/util-defaults-mode-browser": "^4.0.3",
                "@smithy/util-defaults-mode-node": "^4.0.3",
                "@smithy/util-middleware": "^4.0.1",
                "@smithy/util-retry": "^4.0.1",
                "@smithy/util-utf8": "^4.0.0",
                "koffi": "^2.11.0",
                "node-gyp": "^11.2.0",
                "tslib": "^2.6.2"
            },
            "devDependencies": {
                "@tsconfig/node18": "18.2.4",
                "@types/node": "^18.19.69",
                "concurrently": "7.0.0",
                "downlevel-dts": "0.10.1",
                "rimraf": "^3.0.0",
                "typescript": "~5.2.2"
            },
            "engines": {
                "node": ">=18.0.0"
            }
        },
        "../../generated/smithy/typescript": {
            "name": "superposition-smithy-sdk",
            "version": "0.0.1",
            "dependencies": {
                "@aws-crypto/sha256-browser": "5.2.0",
                "@aws-crypto/sha256-js": "5.2.0",
                "@aws-sdk/core": "3.731.0",
                "@aws-sdk/middleware-host-header": "3.731.0",
                "@aws-sdk/middleware-logger": "3.731.0",
                "@aws-sdk/middleware-recursion-detection": "3.731.0",
                "@aws-sdk/middleware-user-agent": "3.731.0",
                "@aws-sdk/types": "3.731.0",
                "@aws-sdk/util-user-agent-browser": "3.731.0",
                "@aws-sdk/util-user-agent-node": "3.731.0",
                "@openfeature/server-sdk": "^1.18.0",
                "@smithy/config-resolver": "^4.0.1",
                "@smithy/core": "^3.1.1",
                "@smithy/fetch-http-handler": "^5.0.1",
                "@smithy/hash-node": "^4.0.1",
                "@smithy/invalid-dependency": "^4.0.1",
                "@smithy/middleware-content-length": "^4.0.1",
                "@smithy/middleware-retry": "^4.0.3",
                "@smithy/middleware-serde": "^4.0.1",
                "@smithy/middleware-stack": "^4.0.1",
                "@smithy/node-config-provider": "^4.0.1",
                "@smithy/node-http-handler": "^4.0.2",
                "@smithy/protocol-http": "^5.0.1",
                "@smithy/smithy-client": "^4.1.2",
                "@smithy/types": "^4.1.0",
                "@smithy/url-parser": "^4.0.1",
                "@smithy/util-base64": "^4.0.0",
                "@smithy/util-body-length-browser": "^4.0.0",
                "@smithy/util-body-length-node": "^4.0.0",
                "@smithy/util-defaults-mode-browser": "^4.0.3",
                "@smithy/util-defaults-mode-node": "^4.0.3",
                "@smithy/util-middleware": "^4.0.1",
                "@smithy/util-retry": "^4.0.1",
                "@smithy/util-utf8": "^4.0.0",
                "koffi": "^2.11.0",
                "node-gyp": "^11.2.0",
                "tslib": "^2.6.2"
            },
            "devDependencies": {
                "@tsconfig/node18": "18.2.4",
                "@types/node": "^18.19.69",
                "concurrently": "7.0.0",
                "downlevel-dts": "0.10.1",
                "rimraf": "^3.0.0",
                "typescript": "~5.2.2"
            },
            "engines": {
                "node": ">=18.0.0"
            }
        },
        "node_modules/@io.juspay/superposition-sdk": {
            "resolved": "../../generated/smithy/typescript",
            "link": true
        },
        "node_modules/@openfeature/core": {
            "version": "1.8.0",
            "resolved": "https://registry.npmjs.org/@openfeature/core/-/core-1.8.0.tgz",
            "integrity": "sha512-FX/B6yMD2s4BlMKtB0PqSMl94eLaTwh0VK9URcMvjww0hqMOeGZnGv4uv9O5E58krAan7yCOCm4NBCoh2IATqw==",
            "license": "Apache-2.0",
            "peer": true
        },
        "node_modules/@openfeature/server-sdk": {
            "version": "1.18.0",
            "resolved": "https://registry.npmjs.org/@openfeature/server-sdk/-/server-sdk-1.18.0.tgz",
            "integrity": "sha512-uP8nqEGBS58s3iWXx6d8vnJ6ZVt3DACJL4PWADOAuwIS4xXpID91783e9f6zQ0i1ijQpj3yx+3ZuCB2LfQMUMA==",
            "license": "Apache-2.0",
            "engines": {
                "node": ">=18"
            },
            "peerDependencies": {
                "@openfeature/core": "^1.7.0"
            }
        },
        "node_modules/@tsconfig/node18": {
            "version": "18.2.4",
            "resolved": "https://registry.npmjs.org/@tsconfig/node18/-/node18-18.2.4.tgz",
            "integrity": "sha512-5xxU8vVs9/FNcvm3gE07fPbn9tl6tqGGWA9tSlwsUEkBxtRnTsNmwrV8gasZ9F/EobaSv9+nu8AxUKccw77JpQ==",
            "dev": true,
            "license": "MIT"
        },
        "node_modules/@types/node": {
            "version": "18.19.111",
            "resolved": "https://registry.npmjs.org/@types/node/-/node-18.19.111.tgz",
            "integrity": "sha512-90sGdgA+QLJr1F9X79tQuEut0gEYIfkX9pydI4XGRgvFo9g2JWswefI+WUSUHPYVBHYSEfTEqBxA5hQvAZB3Mw==",
            "dev": true,
            "license": "MIT",
            "dependencies": {
                "undici-types": "~5.26.4"
            }
        },
        "node_modules/balanced-match": {
            "version": "1.0.2",
            "resolved": "https://registry.npmjs.org/balanced-match/-/balanced-match-1.0.2.tgz",
            "integrity": "sha512-3oSeUO0TMV67hN1AmbXsK4yaqU7tjiHlbxRDZOpH0KW9+CeX4bRAaX0Anxt0tx2MrpRpWwQaPwIlISEJhYU5Pw==",
            "dev": true,
            "license": "MIT"
        },
        "node_modules/brace-expansion": {
            "version": "1.1.12",
            "resolved": "https://registry.npmjs.org/brace-expansion/-/brace-expansion-1.1.12.tgz",
            "integrity": "sha512-9T9UjW3r0UW5c1Q7GTwllptXwhvYmEzFhzMfZ9H7FQWt+uZePjZPjBP/W1ZEyZ1twGWom5/56TF4lPcqjnDHcg==",
            "dev": true,
            "license": "MIT",
            "dependencies": {
                "balanced-match": "^1.0.0",
                "concat-map": "0.0.1"
            }
        },
        "node_modules/concat-map": {
            "version": "0.0.1",
            "resolved": "https://registry.npmjs.org/concat-map/-/concat-map-0.0.1.tgz",
            "integrity": "sha512-/Srv4dswyQNBfohGpz9o6Yb3Gz3SrUDqBH5rTuhGR7ahtlbYKnVxw2bCFMRljaA7EXHaXZ8wsHdodFvbkhKmqg==",
            "dev": true,
            "license": "MIT"
        },
        "node_modules/fs.realpath": {
            "version": "1.0.0",
            "resolved": "https://registry.npmjs.org/fs.realpath/-/fs.realpath-1.0.0.tgz",
            "integrity": "sha512-OO0pH2lK6a0hZnAdau5ItzHPI6pUlvI7jMVnxUQRtw4owF2wk8lOSabtGDCTP4Ggrg2MbGnWO9X8K1t4+fGMDw==",
            "dev": true,
            "license": "ISC"
        },
        "node_modules/glob": {
            "version": "7.2.3",
            "resolved": "https://registry.npmjs.org/glob/-/glob-7.2.3.tgz",
            "integrity": "sha512-nFR0zLpU2YCaRxwoCJvL6UvCH2JFyFVIvwTLsIf21AuHlMskA1hhTdk+LlYJtOlYt9v6dvszD2BGRqBL+iQK9Q==",
            "deprecated": "Glob versions prior to v9 are no longer supported",
            "dev": true,
            "license": "ISC",
            "dependencies": {
                "fs.realpath": "^1.0.0",
                "inflight": "^1.0.4",
                "inherits": "2",
                "minimatch": "^3.1.1",
                "once": "^1.3.0",
                "path-is-absolute": "^1.0.0"
            },
            "engines": {
                "node": "*"
            },
            "funding": {
                "url": "https://github.com/sponsors/isaacs"
            }
        },
        "node_modules/inflight": {
            "version": "1.0.6",
            "resolved": "https://registry.npmjs.org/inflight/-/inflight-1.0.6.tgz",
            "integrity": "sha512-k92I/b08q4wvFscXCLvqfsHCrjrF7yiXsQuIVvVE7N82W3+aqpzuUdBbfhWcy/FZR3/4IgflMgKLOsvPDrGCJA==",
            "deprecated": "This module is not supported, and leaks memory. Do not use it. Check out lru-cache if you want a good and tested way to coalesce async requests by a key value, which is much more comprehensive and powerful.",
            "dev": true,
            "license": "ISC",
            "dependencies": {
                "once": "^1.3.0",
                "wrappy": "1"
            }
        },
        "node_modules/inherits": {
            "version": "2.0.4",
            "resolved": "https://registry.npmjs.org/inherits/-/inherits-2.0.4.tgz",
            "integrity": "sha512-k/vGaX4/Yla3WzyMCvTQOXYeIHvqOKtnqBduzTHpzpQZzAskKMhZ2K+EnBiSM9zGSoIFeMpXKxa4dYeZIQqewQ==",
            "dev": true,
            "license": "ISC"
        },
        "node_modules/koffi": {
            "version": "2.11.0",
            "resolved": "https://registry.npmjs.org/koffi/-/koffi-2.11.0.tgz",
            "integrity": "sha512-AJ6MHz9Z8OIftKu322jrKJFvy/rZTdCD4b7F457WrK71rxYV7O5PSdWsJDN0p3rY1BZaPeLHVwyt4i2Xyk8wJg==",
            "hasInstallScript": true,
            "license": "MIT"
        },
        "node_modules/minimatch": {
            "version": "3.1.2",
            "resolved": "https://registry.npmjs.org/minimatch/-/minimatch-3.1.2.tgz",
            "integrity": "sha512-J7p63hRiAjw1NDEww1W7i37+ByIrOWO5XQQAzZ3VOcL0PNybwpfmV/N05zFAzwQ9USyEcX6t3UO+K5aqBQOIHw==",
            "dev": true,
            "license": "ISC",
            "dependencies": {
                "brace-expansion": "^1.1.7"
            },
            "engines": {
                "node": "*"
            }
        },
        "node_modules/once": {
            "version": "1.4.0",
            "resolved": "https://registry.npmjs.org/once/-/once-1.4.0.tgz",
            "integrity": "sha512-lNaJgI+2Q5URQBkccEKHTQOPaXdUxnZZElQTZY0MFUAuaEqe1E+Nyvgdz/aIyNi6Z9MzO5dv1H8n58/GELp3+w==",
            "dev": true,
            "license": "ISC",
            "dependencies": {
                "wrappy": "1"
            }
        },
        "node_modules/path-is-absolute": {
            "version": "1.0.1",
            "resolved": "https://registry.npmjs.org/path-is-absolute/-/path-is-absolute-1.0.1.tgz",
            "integrity": "sha512-AVbw3UJ2e9bq64vSaS9Am0fje1Pa8pbGqTTsmXfaIiMpnr5DlDhfJOuLj9Sf95ZPVDAUerDfEk88MPmPe7UCQg==",
            "dev": true,
            "license": "MIT",
            "engines": {
                "node": ">=0.10.0"
            }
        },
        "node_modules/rimraf": {
            "version": "3.0.2",
            "resolved": "https://registry.npmjs.org/rimraf/-/rimraf-3.0.2.tgz",
            "integrity": "sha512-JZkJMZkAGFFPP2YqXZXPbMlMBgsxzE8ILs4lMIX/2o0L9UBw9O/Y3o6wFw/i9YLapcUJWwqbi3kdxIPdC62TIA==",
            "deprecated": "Rimraf versions prior to v4 are no longer supported",
            "dev": true,
            "license": "ISC",
            "dependencies": {
                "glob": "^7.1.3"
            },
            "bin": {
                "rimraf": "bin.js"
            },
            "funding": {
                "url": "https://github.com/sponsors/isaacs"
            }
        },
        "node_modules/tslib": {
            "version": "2.8.1",
            "resolved": "https://registry.npmjs.org/tslib/-/tslib-2.8.1.tgz",
            "integrity": "sha512-oJFu94HQb+KVduSUQL7wnpmqnfmLsOA/nAh6b6EH0wCEoK0/mPeXU6c3wKDV83MkOuHPRHtSXKKU99IBazS/2w==",
            "license": "0BSD"
        },
        "node_modules/typescript": {
            "version": "5.2.2",
            "resolved": "https://registry.npmjs.org/typescript/-/typescript-5.2.2.tgz",
            "integrity": "sha512-mI4WrpHsbCIcwT9cF4FZvr80QUeKvsUsUvKDoR+X/7XHQH98xYD8YHZg7ANtz2GtZt/CBq2QJ0thkGJMHfqc1w==",
            "dev": true,
            "license": "Apache-2.0",
            "bin": {
                "tsc": "bin/tsc",
                "tsserver": "bin/tsserver"
            },
            "engines": {
                "node": ">=14.17"
            }
        },
        "node_modules/undici-types": {
            "version": "5.26.5",
            "resolved": "https://registry.npmjs.org/undici-types/-/undici-types-5.26.5.tgz",
            "integrity": "sha512-JlCMO+ehdEIKqlFxk6IfVoAUVmgz7cU7zD/h9XZ0qzeosSHmUJVOzSQvvYSYWXkFXC+IfLKSIffhv0sVZup6pA==",
            "dev": true,
            "license": "MIT"
        },
        "node_modules/wrappy": {
            "version": "1.0.2",
            "resolved": "https://registry.npmjs.org/wrappy/-/wrappy-1.0.2.tgz",
            "integrity": "sha512-l4Sp/DRseor9wL6EvV2+TuQn63dMkPjZ/sp9XkghTEbV9KlPS1xUsZ3u7/IQO4wxtcFB4bgpQPRcR3QCvezPcQ==",
            "dev": true,
            "license": "ISC"
        }
    }
}
