{
  "name": "test",
  "version": "0.1",
  "lockfileVersion": 1,
  "requires": true,
  "dependencies": {
    "@types/json-logic-js": {
      "version": "2.0.1",
      "resolved": "https://registry.npmjs.org/@types/json-logic-js/-/json-logic-js-2.0.1.tgz",
      "integrity": "sha512-exWt46x9L1dSe8xLH/REujkeb5Gcqm1Ygdxukmv2sSVZujJRIl6ARNgq73vONvosiN7miX8gYeBTzxivqiNSgw==",
      "dev": true
    },
    "@types/node": {
      "version": "18.11.9",
      "resolved": "https://registry.npmjs.org/@types/node/-/node-18.11.9.tgz",
      "integrity": "sha512-CRpX21/kGdzjOpFsZSkcrXMGIBWMGNIHXXBVFSH+ggkftxg+XYP20TESbh+zFvFj3EQOl5byk0HTRn1IL6hbqg==",
      "dev": true
    },
    "json-logic-js": {
      "version": "2.0.2",
      "resolved": "https://registry.npmjs.org/json-logic-js/-/json-logic-js-2.0.2.tgz",
      "integrity": "sha512-ZBtBdMJieqQcH7IX/LaBsr5pX+Y5JIW+EhejtM3Ffg2jdN9Iwf+Ht6TbHnvAZ/YtwyuhPaCBlnvzrwVeWdvGDQ=="
    },
    "typescript": {
      "version": "4.9.3",
      "resolved": "https://registry.npmjs.org/typescript/-/typescript-4.9.3.tgz",
      "integrity": "sha512-CIfGzTelbKNEnLpLdGFgdyKhG23CKdKgQPOBc+OUNrkJ2vr+KSzsSV5kq5iWhEQbok+quxgGzrAtGWCyU7tHnA==",
      "dev": true
    }
  }
}
