{
  "name": "superposition-typescript-client-tests",
  "lockfileVersion": 3,
  "requires": true,
  "packages": {
    "": {
      "name": "superposition-typescript-client-tests",
      "dependencies": {
        "superposition-sdk": "file:../../javascript/sdk"
      },
      "devDependencies": {
        "@types/bun": "latest"
      },
      "peerDependencies": {
        "typescript": "^5.8.3"
      }
    },
    "../../javascript/sdk": {
      "name": "superposition-sdk",
      "version": "0.0.1",
      "dependencies": {
        "@aws-crypto/sha256-browser": "5.2.0",
        "@aws-crypto/sha256-js": "5.2.0",
        "@aws-sdk/core": "3.731.0",
        "@aws-sdk/middleware-host-header": "3.731.0",
        "@aws-sdk/middleware-logger": "3.731.0",
        "@aws-sdk/middleware-recursion-detection": "3.731.0",
        "@aws-sdk/middleware-user-agent": "3.731.0",
        "@aws-sdk/types": "3.731.0",
        "@aws-sdk/util-user-agent-browser": "3.731.0",
        "@aws-sdk/util-user-agent-node": "3.731.0",
        "@smithy/config-resolver": "^4.0.1",
        "@smithy/core": "^3.1.1",
        "@smithy/fetch-http-handler": "^5.0.1",
        "@smithy/hash-node": "^4.0.1",
        "@smithy/invalid-dependency": "^4.0.1",
        "@smithy/middleware-content-length": "^4.0.1",
        "@smithy/middleware-retry": "^4.0.3",
        "@smithy/middleware-serde": "^4.0.1",
        "@smithy/middleware-stack": "^4.0.1",
        "@smithy/node-config-provider": "^4.0.1",
        "@smithy/node-http-handler": "^4.0.2",
        "@smithy/protocol-http": "^5.0.1",
        "@smithy/smithy-client": "^4.1.2",
        "@smithy/types": "^4.1.0",
        "@smithy/url-parser": "^4.0.1",
        "@smithy/util-base64": "^4.0.0",
        "@smithy/util-body-length-browser": "^4.0.0",
        "@smithy/util-body-length-node": "^4.0.0",
        "@smithy/util-defaults-mode-browser": "^4.0.3",
        "@smithy/util-defaults-mode-node": "^4.0.3",
        "@smithy/util-middleware": "^4.0.1",
        "@smithy/util-retry": "^4.0.1",
        "@smithy/util-utf8": "^4.0.0",
        "tslib": "^2.6.2"
      },
      "devDependencies": {
        "@tsconfig/node18": "18.2.4",
        "@types/node": "^18.19.69",
        "concurrently": "^6.2.0",
        "downlevel-dts": "0.10.1",
        "rimraf": "^5.0.0",
        "typescript": "~5.2.2"
      },
      "engines": {
        "node": ">=18.0.0"
      }
    },
    "node_modules/@types/bun": {
      "version": "1.2.18",
      "resolved": "https://registry.npmjs.org/@types/bun/-/bun-1.2.18.tgz",
      "integrity": "sha512-Xf6RaWVheyemaThV0kUfaAUvCNokFr+bH8Jxp+tTZfx7dAPA8z9ePnP9S9+Vspzuxxx9JRAXhnyccRj3GyCMdQ==",
      "dev": true,
      "license": "MIT",
      "dependencies": {
        "bun-types": "1.2.18"
      }
    },
    "node_modules/@types/node": {
      "version": "24.0.13",
      "resolved": "https://registry.npmjs.org/@types/node/-/node-24.0.13.tgz",
      "integrity": "sha512-Qm9OYVOFHFYg3wJoTSrz80hoec5Lia/dPp84do3X7dZvLikQvM1YpmvTBEdIr/e+U8HTkFjLHLnl78K/qjf+jQ==",
      "dev": true,
      "license": "MIT",
      "dependencies": {
        "undici-types": "~7.8.0"
      }
    },
    "node_modules/@types/react": {
      "version": "19.1.8",
      "resolved": "https://registry.npmjs.org/@types/react/-/react-19.1.8.tgz",
      "integrity": "sha512-AwAfQ2Wa5bCx9WP8nZL2uMZWod7J7/JSplxbTmBQ5ms6QpqNYm672H0Vu9ZVKVngQ+ii4R/byguVEUZQyeg44g==",
      "dev": true,
      "license": "MIT",
      "peer": true,
      "dependencies": {
        "csstype": "^3.0.2"
      }
    },
    "node_modules/bun-types": {
      "version": "1.2.18",
      "resolved": "https://registry.npmjs.org/bun-types/-/bun-types-1.2.18.tgz",
      "integrity": "sha512-04+Eha5NP7Z0A9YgDAzMk5PHR16ZuLVa83b26kH5+cp1qZW4F6FmAURngE7INf4tKOvCE69vYvDEwoNl1tGiWw==",
      "dev": true,
      "license": "MIT",
      "dependencies": {
        "@types/node": "*"
      },
      "peerDependencies": {
        "@types/react": "^19"
      }
    },
    "node_modules/csstype": {
      "version": "3.1.3",
      "resolved": "https://registry.npmjs.org/csstype/-/csstype-3.1.3.tgz",
      "integrity": "sha512-M1uQkMl8rQK/szD0LNhtqxIPLpimGm8sOBwU7lLnCpSbTyY3yeU1Vc7l4KT5zT4s/yOxHH5O7tIuuLOCnLADRw==",
      "dev": true,
      "license": "MIT",
      "peer": true
    },
    "node_modules/superposition-sdk": {
      "resolved": "../../javascript/sdk",
      "link": true
    },
    "node_modules/typescript": {
      "version": "5.8.3",
      "resolved": "https://registry.npmjs.org/typescript/-/typescript-5.8.3.tgz",
      "integrity": "sha512-p1diW6TqL9L07nNxvRMM7hMMw4c5XOo/1ibL4aAIGmSAt9slTE1Xgw5KWuof2uTOvCg9BY7ZRi+GaF+7sfgPeQ==",
      "license": "Apache-2.0",
      "peer": true,
      "bin": {
        "tsc": "bin/tsc",
        "tsserver": "bin/tsserver"
      },
      "engines": {
        "node": ">=14.17"
      }
    },
    "node_modules/undici-types": {
      "version": "7.8.0",
      "resolved": "https://registry.npmjs.org/undici-types/-/undici-types-7.8.0.tgz",
      "integrity": "sha512-9UJ2xGDvQ43tYyVMpuHlsgApydB8ZKfVYTsLDhXkFL/6gfkp+U8xTGdh8pMJv1SpZna0zxG1DwsKZsreLbXBxw==",
      "dev": true,
      "license": "MIT"
    }
  }
}
